
Microsoft Visual Studio Solution File, Format Version 12.00
# Visual Studio 15
VisualStudioVersion = 15.0.26124.0
MinimumVisualStudioVersion = 15.0.26124.0
Project("{FAE04EC0-301F-11D3-BF4B-00C04F79EFBC}") = "exemplo", "src\exemplo.csproj", "{E17813DC-D923-449C-BFC4-A10ADAE8DB9C}"
EndProject
Project("{FAE04EC0-301F-11D3-BF4B-00C04F79EFBC}") = "tests", "tests\tests.csproj", "{2995B076-6A63-49C5-8935-7429BD56D098}"
EndProject
Global
	GlobalSection(SolutionConfigurationPlatforms) = preSolution
		Debug|Any CPU = Debug|Any CPU
		Debug|x64 = Debug|x64
		Debug|x86 = Debug|x86
		Release|Any CPU = Release|Any CPU
		Release|x64 = Release|x64
		Release|x86 = Release|x86
	EndGlobalSection
	GlobalSection(SolutionProperties) = preSolution
		HideSolutionNode = FALSE
	EndGlobalSection
	GlobalSection(ProjectConfigurationPlatforms) = postSolution
		{E17813DC-D923-449C-BFC4-A10ADAE8DB9C}.Debug|Any CPU.ActiveCfg = Debug|Any CPU
		{E17813DC-D923-449C-BFC4-A10ADAE8DB9C}.Debug|Any CPU.Build.0 = Debug|Any CPU
		{E17813DC-D923-449C-BFC4-A10ADAE8DB9C}.Debug|x64.ActiveCfg = Debug|Any CPU
		{E17813DC-D923-449C-BFC4-A10ADAE8DB9C}.Debug|x64.Build.0 = Debug|Any CPU
		{E17813DC-D923-449C-BFC4-A10ADAE8DB9C}.Debug|x86.ActiveCfg = Debug|Any CPU
		{E17813DC-D923-449C-BFC4-A10ADAE8DB9C}.Debug|x86.Build.0 = Debug|Any CPU
		{E17813DC-D923-449C-BFC4-A10ADAE8DB9C}.Release|Any CPU.ActiveCfg = Release|Any CPU
		{E17813DC-D923-449C-BFC4-A10ADAE8DB9C}.Release|Any CPU.Build.0 = Release|Any CPU
		{E17813DC-D923-449C-BFC4-A10ADAE8DB9C}.Release|x64.ActiveCfg = Release|Any CPU
		{E17813DC-D923-449C-BFC4-A10ADAE8DB9C}.Release|x64.Build.0 = Release|Any CPU
		{E17813DC-D923-449C-BFC4-A10ADAE8DB9C}.Release|x86.ActiveCfg = Release|Any CPU
		{E17813DC-D923-449C-BFC4-A10ADAE8DB9C}.Release|x86.Build.0 = Release|Any CPU
		{2995B076-6A63-49C5-8935-7429BD56D098}.Debug|Any CPU.ActiveCfg = Debug|Any CPU
		{2995B076-6A63-49C5-8935-7429BD56D098}.Debug|Any CPU.Build.0 = Debug|Any CPU
		{2995B076-6A63-49C5-8935-7429BD56D098}.Debug|x64.ActiveCfg = Debug|Any CPU
		{2995B076-6A63-49C5-8935-7429BD56D098}.Debug|x64.Build.0 = Debug|Any CPU
		{2995B076-6A63-49C5-8935-7429BD56D098}.Debug|x86.ActiveCfg = Debug|Any CPU
		{2995B076-6A63-49C5-8935-7429BD56D098}.Debug|x86.Build.0 = Debug|Any CPU
		{2995B076-6A63-49C5-8935-7429BD56D098}.Release|Any CPU.ActiveCfg = Release|Any CPU
		{2995B076-6A63-49C5-8935-7429BD56D098}.Release|Any CPU.Build.0 = Release|Any CPU
		{2995B076-6A63-49C5-8935-7429BD56D098}.Release|x64.ActiveCfg = Release|Any CPU
		{2995B076-6A63-49C5-8935-7429BD56D098}.Release|x64.Build.0 = Release|Any CPU
		{2995B076-6A63-49C5-8935-7429BD56D098}.Release|x86.ActiveCfg = Release|Any CPU
		{2995B076-6A63-49C5-8935-7429BD56D098}.Release|x86.Build.0 = Release|Any CPU
	EndGlobalSection
EndGlobal
